// !$*UTF8*$!
{
	archiveVersion = 1;
	classes = {
	};
	objectVersion = 50;
	objects = {

/* Begin PBXBuildFile section */
		E7E1BFF92255729700F6DFB0 /* cube.c in Sources */ = {isa = PBXBuildFile; fileRef = E7E1BFF82255729700F6DFB0 /* cube.c */; };
		E7E1BFFB225572DA00F6DFB0 /* wizard.c in Sources */ = {isa = PBXBuildFile; fileRef = E7E1BFFA225572DA00F6DFB0 /* wizard.c */; };
/* End PBXBuildFile section */

/* Begin PBXCopyFilesBuildPhase section */
		E7E160922253C15F007B4354 /* CopyFiles */ = {
			isa = PBXCopyFilesBuildPhase;
			buildActionMask = 2147483647;
			dstPath = /usr/share/man/man1/;
			dstSubfolderSpec = 0;
			files = (
			);
			runOnlyForDeploymentPostprocessing = 1;
		};
/* End PBXCopyFilesBuildPhase section */

/* Begin PBXFileReference section */
		E7E160942253C15F007B4354 /* TheCube */ = {isa = PBXFileReference; explicitFileType = "compiled.mach-o.executable"; includeInIndex = 0; path = TheCube; sourceTree = BUILT_PRODUCTS_DIR; };
		E7E1BFF42255728700F6DFB0 /* wizard.h */ = {isa = PBXFileReference; lastKnownFileType = sourcecode.c.h; path = wizard.h; sourceTree = "<group>"; };
		E7E1BFF72255729300F6DFB0 /* cube.h */ = {isa = PBXFileReference; lastKnownFileType = sourcecode.c.h; name = cube.h; path = "/Users/Alan/Documents/USF/2019/Spring_2019/COP 4600/Project 3/TheCube/TheCube/cube.h"; sourceTree = "<absolute>"; };
		E7E1BFF82255729700F6DFB0 /* cube.c */ = {isa = PBXFileReference; lastKnownFileType = sourcecode.c.c; name = cube.c; path = "/Users/Alan/Documents/USF/2019/Spring_2019/COP 4600/Project 3/TheCube/TheCube/cube.c"; sourceTree = "<absolute>"; };
		E7E1BFFA225572DA00F6DFB0 /* wizard.c */ = {isa = PBXFileReference; lastKnownFileType = sourcecode.c.c; name = wizard.c; path = "/Users/Alan/Documents/USF/2019/Spring_2019/COP 4600/Project 3/TheCube/TheCube/wizard.c"; sourceTree = "<absolute>"; };
/* End PBXFileReference section */

/* Begin PBXFrameworksBuildPhase section */
		E7E160912253C15F007B4354 /* Frameworks */ = {
			isa = PBXFrameworksBuildPhase;
			buildActionMask = 2147483647;
			files = (
			);
			runOnlyForDeploymentPostprocessing = 0;
		};
/* End PBXFrameworksBuildPhase section */

/* Begin PBXGroup section */
		E7E1608B2253C15F007B4354 = {
			isa = PBXGroup;
			children = (
				E7E160962253C15F007B4354 /* TheCube */,
				E7E160952253C15F007B4354 /* Products */,
			);
			sourceTree = "<group>";
		};
		E7E160952253C15F007B4354 /* Products */ = {
			isa = PBXGroup;
			children = (
				E7E160942253C15F007B4354 /* TheCube */,
			);
			name = Products;
			sourceTree = "<group>";
		};
		E7E160962253C15F007B4354 /* TheCube */ = {
			isa = PBXGroup;
			children = (
				E7E1BFFA225572DA00F6DFB0 /* wizard.c */,
				E7E1BFF72255729300F6DFB0 /* cube.h */,
				E7E1BFF82255729700F6DFB0 /* cube.c */,
				E7E1BFF42255728700F6DFB0 /* wizard.h */,
			);
			path = TheCube;
			sourceTree = "<group>";
		};
/* End PBXGroup section */

/* Begin PBXNativeTarget section */
		E7E160932253C15F007B4354 /* TheCube */ = {
			isa = PBXNativeTarget;
			buildConfigurationList = E7E1609B2253C15F007B4354 /* Build configuration list for PBXNativeTarget "TheCube" */;
			buildPhases = (
				E7E160902253C15F007B4354 /* Sources */,
				E7E160912253C15F007B4354 /* Frameworks */,
				E7E160922253C15F007B4354 /* CopyFiles */,
			);
			buildRules = (
			);
			dependencies = (
			);
			name = TheCube;
			productName = TheCube;
			productReference = E7E160942253C15F007B4354 /* TheCube */;
			productType = "com.apple.product-type.tool";
		};
/* End PBXNativeTarget section */

/* Begin PBXProject section */
		E7E1608C2253C15F007B4354 /* Project object */ = {
			isa = PBXProject;
			attributes = {
				LastUpgradeCheck = 1010;
				ORGANIZATIONNAME = "Alan Bennett";
				TargetAttributes = {
					E7E160932253C15F007B4354 = {
						CreatedOnToolsVersion = 10.1;
					};
				};
			};
			buildConfigurationList = E7E1608F2253C15F007B4354 /* Build configuration list for PBXProject "TheCube" */;
			compatibilityVersion = "Xcode 9.3";
			developmentRegion = en;
			hasScannedForEncodings = 0;
			knownRegions = (
				en,
			);
			mainGroup = E7E1608B2253C15F007B4354;
			productRefGroup = E7E160952253C15F007B4354 /* Products */;
			projectDirPath = "";
			projectRoot = "";
			targets = (
				E7E160932253C15F007B4354 /* TheCube */,
			);
		};
/* End PBXProject section */

/* Begin PBXSourcesBuildPhase section */
		E7E160902253C15F007B4354 /* Sources */ = {
			isa = PBXSourcesBuildPhase;
			buildActionMask = 2147483647;
			files = (
				E7E1BFFB225572DA00F6DFB0 /* wizard.c in Sources */,
				E7E1BFF92255729700F6DFB0 /* cube.c in Sources */,
			);
			runOnlyForDeploymentPostprocessing = 0;
		};
/* End PBXSourcesBuildPhase section */

/* Begin XCBuildConfiguration section */
		E7E160992253C15F007B4354 /* Debug */ = {
			isa = XCBuildConfiguration;
			buildSettings = {
				ALWAYS_SEARCH_USER_PATHS = NO;
				CLANG_ANALYZER_NONNULL = YES;
				CLANG_ANALYZER_NUMBER_OBJECT_CONVERSION = YES_AGGRESSIVE;
				CLANG_CXX_LANGUAGE_STANDARD = "gnu++14";
				CLANG_CXX_LIBRARY = "libc++";
				CLANG_ENABLE_MODULES = YES;
				CLANG_ENABLE_OBJC_ARC = YES;
				CLANG_ENABLE_OBJC_WEAK = YES;
				CLANG_WARN_BLOCK_CAPTURE_AUTORELEASING = YES;
				CLANG_WARN_BOOL_CONVERSION = YES;
				CLANG_WARN_COMMA = YES;
				CLANG_WARN_CONSTANT_CONVERSION = YES;
				CLANG_WARN_DEPRECATED_OBJC_IMPLEMENTATIONS = YES;
				CLANG_WARN_DIRECT_OBJC_ISA_USAGE = YES_ERROR;
				CLANG_WARN_DOCUMENTATION_COMMENTS = YES;
				CLANG_WARN_EMPTY_BODY = YES;
				CLANG_WARN_ENUM_CONVERSION = YES;
				CLANG_WARN_INFINITE_RECURSION = YES;
				CLANG_WARN_INT_CONVERSION = YES;
				CLANG_WARN_NON_LITERAL_NULL_CONVERSION = YES;
				CLANG_WARN_OBJC_IMPLICIT_RETAIN_SELF = YES;
				CLANG_WARN_OBJC_LITERAL_CONVERSION = YES;
				CLANG_WARN_OBJC_ROOT_CLASS = YES_ERROR;
				CLANG_WARN_RANGE_LOOP_ANALYSIS = YES;
				CLANG_WARN_STRICT_PROTOTYPES = YES;
				CLANG_WARN_SUSPICIOUS_MOVE = YES;
				CLANG_WARN_UNGUARDED_AVAILABILITY = YES_AGGRESSIVE;
				CLANG_WARN_UNREACHABLE_CODE = YES;
				CLANG_WARN__DUPLICATE_METHOD_MATCH = YES;
				CODE_SIGN_IDENTITY = "-";
				COPY_PHASE_STRIP = NO;
				DEBUG_INFORMATION_FORMAT = dwarf;
				ENABLE_STRICT_OBJC_MSGSEND = YES;
				ENABLE_TESTABILITY = YES;
				GCC_C_LANGUAGE_STANDARD = gnu11;
				GCC_DYNAMIC_NO_PIC = NO;
				GCC_NO_COMMON_BLOCKS = YES;
				GCC_OPTIMIZATION_LEVEL = 0;
				GCC_PREPROCESSOR_DEFINITIONS = (
					"DEBUG=1",
					"$(inherited)",
				);
				GCC_WARN_64_TO_32_BIT_CONVERSION = YES;
				GCC_WARN_ABOUT_RETURN_TYPE = YES_ERROR;
				GCC_WARN_UNDECLARED_SELECTOR = YES;
				GCC_WARN_UNINITIALIZED_AUTOS = YES_AGGRESSIVE;
				GCC_WARN_UNUSED_FUNCTION = YES;
				GCC_WARN_UNUSED_VARIABLE = YES;
				MACOSX_DEPLOYMENT_TARGET = 10.14;
				MTL_ENABLE_DEBUG_INFO = INCLUDE_SOURCE;
				MTL_FAST_MATH = YES;
				ONLY_ACTIVE_ARCH = YES;
				SDKROOT = macosx;
			};
			name = Debug;
		};
		E7E1609A2253C15F007B4354 /* Release */ = {
			isa = XCBuildConfiguration;
			buildSettings = {
				ALWAYS_SEARCH_USER_PATHS = NO;
				CLANG_ANALYZER_NONNULL = YES;
				CLANG_ANALYZER_NUMBER_OBJECT_CONVERSION = YES_AGGRESSIVE;
				CLANG_CXX_LANGUAGE_STANDARD = "gnu++14";
				CLANG_CXX_LIBRARY = "libc++";
				CLANG_ENABLE_MODULES = YES;
				CLANG_ENABLE_OBJC_ARC = YES;
				CLANG_ENABLE_OBJC_WEAK = YES;
				CLANG_WARN_BLOCK_CAPTURE_AUTORELEASING = YES;
				CLANG_WARN_BOOL_CONVERSION = YES;
				CLANG_WARN_COMMA = YES;
				CLANG_WARN_CONSTANT_CONVERSION = YES;
				CLANG_WARN_DEPRECATED_OBJC_IMPLEMENTATIONS = YES;
				CLANG_WARN_DIRECT_OBJC_ISA_USAGE = YES_ERROR;
				CLANG_WARN_DOCUMENTATION_COMMENTS = YES;
				CLANG_WARN_EMPTY_BODY = YES;
				CLANG_WARN_ENUM_CONVERSION = YES;
				CLANG_WARN_INFINITE_RECURSION = YES;
				CLANG_WARN_INT_CONVERSION = YES;
				CLANG_WARN_NON_LITERAL_NULL_CONVERSION = YES;
				CLANG_WARN_OBJC_IMPLICIT_RETAIN_SELF = YES;
				CLANG_WARN_OBJC_LITERAL_CONVERSION = YES;
				CLANG_WARN_OBJC_ROOT_CLASS = YES_ERROR;
				CLANG_WARN_RANGE_LOOP_ANALYSIS = YES;
				CLANG_WARN_STRICT_PROTOTYPES = YES;
				CLANG_WARN_SUSPICIOUS_MOVE = YES;
				CLANG_WARN_UNGUARDED_AVAILABILITY = YES_AGGRESSIVE;
				CLANG_WARN_UNREACHABLE_CODE = YES;
				CLANG_WARN__DUPLICATE_METHOD_MATCH = YES;
				CODE_SIGN_IDENTITY = "-";
				COPY_PHASE_STRIP = NO;
				DEBUG_INFORMATION_FORMAT = "dwarf-with-dsym";
				ENABLE_NS_ASSERTIONS = NO;
				ENABLE_STRICT_OBJC_MSGSEND = YES;
				GCC_C_LANGUAGE_STANDARD = gnu11;
				GCC_NO_COMMON_BLOCKS = YES;
				GCC_WARN_64_TO_32_BIT_CONVERSION = YES;
				GCC_WARN_ABOUT_RETURN_TYPE = YES_ERROR;
				GCC_WARN_UNDECLARED_SELECTOR = YES;
				GCC_WARN_UNINITIALIZED_AUTOS = YES_AGGRESSIVE;
				GCC_WARN_UNUSED_FUNCTION = YES;
				GCC_WARN_UNUSED_VARIABLE = YES;
				MACOSX_DEPLOYMENT_TARGET = 10.14;
				MTL_ENABLE_DEBUG_INFO = NO;
				MTL_FAST_MATH = YES;
				SDKROOT = macosx;
			};
			name = Release;
		};
		E7E1609C2253C15F007B4354 /* Debug */ = {
			isa = XCBuildConfiguration;
			buildSettings = {
				CODE_SIGN_STYLE = Automatic;
				PRODUCT_NAME = "$(TARGET_NAME)";
			};
			name = Debug;
		};
		E7E1609D2253C15F007B4354 /* Release */ = {
			isa = XCBuildConfiguration;
			buildSettings = {
				CODE_SIGN_STYLE = Automatic;
				PRODUCT_NAME = "$(TARGET_NAME)";
			};
			name = Release;
		};
/* End XCBuildConfiguration section */

/* Begin XCConfigurationList section */
		E7E1608F2253C15F007B4354 /* Build configuration list for PBXProject "TheCube" */ = {
			isa = XCConfigurationList;
			buildConfigurations = (
				E7E160992253C15F007B4354 /* Debug */,
				E7E1609A2253C15F007B4354 /* Release */,
			);
			defaultConfigurationIsVisible = 0;
			defaultConfigurationName = Release;
		};
		E7E1609B2253C15F007B4354 /* Build configuration list for PBXNativeTarget "TheCube" */ = {
			isa = XCConfigurationList;
			buildConfigurations = (
				E7E1609C2253C15F007B4354 /* Debug */,
				E7E1609D2253C15F007B4354 /* Release */,
			);
			defaultConfigurationIsVisible = 0;
			defaultConfigurationName = Release;
		};
/* End XCConfigurationList section */
	};
	rootObject = E7E1608C2253C15F007B4354 /* Project object */;
}
